
Microsoft Visual Studio Solution File, Format Version 12.00
# Visual Studio Version 16
VisualStudioVersion = 16.0.31005.135
MinimumVisualStudioVersion = 10.0.40219.1
Project("{FAE04EC0-301F-11D3-BF4B-00C04F79EFBC}") = "Sorting-MergeSort", "Sorting-MergerSort\Sorting-MergeSort.csproj", "{EAA6FC8A-6A3D-47DF-9B44-F82045E3ECB9}"
EndProject
Global
	GlobalSection(SolutionConfigurationPlatforms) = preSolution
		Debug|Any CPU = Debug|Any CPU
		Release|Any CPU = Release|Any CPU
	EndGlobalSection
	GlobalSection(ProjectConfigurationPlatforms) = postSolution
		{EAA6FC8A-6A3D-47DF-9B44-F82045E3ECB9}.Debug|Any CPU.ActiveCfg = Debug|Any CPU
		{EAA6FC8A-6A3D-47DF-9B44-F82045E3ECB9}.Debug|Any CPU.Build.0 = Debug|Any CPU
		{EAA6FC8A-6A3D-47DF-9B44-F82045E3ECB9}.Release|Any CPU.ActiveCfg = Release|Any CPU
		{EAA6FC8A-6A3D-47DF-9B44-F82045E3ECB9}.Release|Any CPU.Build.0 = Release|Any CPU
	EndGlobalSection
	GlobalSection(SolutionProperties) = preSolution
		HideSolutionNode = FALSE
	EndGlobalSection
	GlobalSection(ExtensibilityGlobals) = postSolution
		SolutionGuid = {49364D5A-741E-46F3-8870-C7028D638E42}
	EndGlobalSection
EndGlobal
